
Microsoft Visual Studio Solution File, Format Version 12.00
# Visual Studio Version 16
VisualStudioVersion = 16.0.29920.165
MinimumVisualStudioVersion = 10.0.40219.1
Project("{8BC9CEB8-8B4A-11D0-8D11-00A0C91BC942}") = "ABTTC", "ABTTC.vcxproj", "{B95C94F8-7A31-4B80-ABB1-FE0610018350}"
EndProject
Global
	GlobalSection(SolutionConfigurationPlatforms) = preSolution
		Debug|x64 = Debug|x64
		Debug|x86 = Debug|x86
		Release|x64 = Release|x64
		Release|x86 = Release|x86
	EndGlobalSection
	GlobalSection(ProjectConfigurationPlatforms) = postSolution
		{B95C94F8-7A31-4B80-ABB1-FE0610018350}.Debug|x64.ActiveCfg = Debug|x64
		{B95C94F8-7A31-4B80-ABB1-FE0610018350}.Debug|x64.Build.0 = Debug|x64
		{B95C94F8-7A31-4B80-ABB1-FE0610018350}.Debug|x86.ActiveCfg = Debug|Win32
		{B95C94F8-7A31-4B80-ABB1-FE0610018350}.Debug|x86.Build.0 = Debug|Win32
		{B95C94F8-7A31-4B80-ABB1-FE0610018350}.Release|x64.ActiveCfg = Release|x64
		{B95C94F8-7A31-4B80-ABB1-FE0610018350}.Release|x64.Build.0 = Release|x64
		{B95C94F8-7A31-4B80-ABB1-FE0610018350}.Release|x86.ActiveCfg = Release|Win32
		{B95C94F8-7A31-4B80-ABB1-FE0610018350}.Release|x86.Build.0 = Release|Win32
	EndGlobalSection
	GlobalSection(SolutionProperties) = preSolution
		HideSolutionNode = FALSE
	EndGlobalSection
	GlobalSection(ExtensibilityGlobals) = postSolution
		SolutionGuid = {1ACD655C-3BC0-4803-A12B-58E0E2C3432D}
	EndGlobalSection
EndGlobal
