<?xml version="1.0" encoding="utf-8"?>
<Project ToolsVersion="4.0" xmlns="http://schemas.microsoft.com/developer/msbuild/2003">
  <ItemGroup>
    <Filter Include="Source Files">
      <UniqueIdentifier>{4FC737F1-C7A5-4376-A066-2A32D752A2FF}</UniqueIdentifier>
      <Extensions>cpp;c;cc;cxx;c++;def;odl;idl;hpj;bat;asm;asmx</Extensions>
    </Filter>
    <Filter Include="Header Files">
      <UniqueIdentifier>{93995380-89BD-4b04-88EB-625FBE52EBFB}</UniqueIdentifier>
      <Extensions>h;hh;hpp;hxx;h++;hm;inl;inc;ipp;xsd</Extensions>
    </Filter>
    <Filter Include="Resource Files">
      <UniqueIdentifier>{67DA6AB6-F800-4c08-8B7A-83BB121AAD01}</UniqueIdentifier>
      <Extensions>rc;ico;cur;bmp;dlg;rc2;rct;bin;rgs;gif;jpg;jpeg;jpe;resx;tiff;tif;png;wav;mfcribbon-ms</Extensions>
    </Filter>
  </ItemGroup>
  <ItemGroup>
    <ClCompile Include="src\CTokenPutter.cpp">
      <Filter>Source Files</Filter>
    </ClCompile>
    <ClCompile Include="src\CTokenReader.cpp">
      <Filter>Source Files</Filter>
    </ClCompile>
    <ClCompile Include="src\CUnit.cpp">
      <Filter>Source Files</Filter>
    </ClCompile>
    <ClCompile Include="src\functions.cpp">
      <Filter>Source Files</Filter>
    </ClCompile>
    <ClCompile Include="src\main.cpp">
      <Filter>Source Files</Filter>
    </ClCompile>
    <ClCompile Include="src\CAlly.cpp">
      <Filter>Source Files</Filter>
    </ClCompile>
    <ClCompile Include="src\CApplication.cpp">
      <Filter>Source Files</Filter>
    </ClCompile>
    <ClCompile Include="src\CBuilding.cpp">
      <Filter>Source Files</Filter>
    </ClCompile>
    <ClCompile Include="src\CBuildMenu.cpp">
      <Filter>Source Files</Filter>
    </ClCompile>
    <ClCompile Include="src\CBuildPhaseMenu.cpp">
      <Filter>Source Files</Filter>
    </ClCompile>
    <ClCompile Include="src\CCoopGame.cpp">
      <Filter>Source Files</Filter>
    </ClCompile>
    <ClCompile Include="src\CDefenseBuilding.cpp">
      <Filter>Source Files</Filter>
    </ClCompile>
    <ClCompile Include="src\CDefensePhase.cpp">
      <Filter>Source Files</Filter>
    </ClCompile>
    <ClCompile Include="src\CEconomyBuilding.cpp">
      <Filter>Source Files</Filter>
    </ClCompile>
    <ClCompile Include="src\CEnemyCamp.cpp">
      <Filter>Source Files</Filter>
    </ClCompile>
    <ClCompile Include="src\CGAME.cpp">
      <Filter>Source Files</Filter>
    </ClCompile>
    <ClCompile Include="src\CInterface.cpp">
      <Filter>Source Files</Filter>
    </ClCompile>
    <ClCompile Include="src\CMainMenu.cpp">
      <Filter>Source Files</Filter>
    </ClCompile>
    <ClCompile Include="src\CMap.cpp">
      <Filter>Source Files</Filter>
    </ClCompile>
    <ClCompile Include="src\CPlayer.cpp">
      <Filter>Source Files</Filter>
    </ClCompile>
    <ClCompile Include="src\CPosition.cpp">
      <Filter>Source Files</Filter>
    </ClCompile>
    <ClCompile Include="src\CResource.cpp">
      <Filter>Source Files</Filter>
    </ClCompile>
    <ClCompile Include="src\CResourceBuilding.cpp">
      <Filter>Source Files</Filter>
    </ClCompile>
    <ClCompile Include="src\CScout.cpp">
      <Filter>Source Files</Filter>
    </ClCompile>
    <ClCompile Include="src\CScoutAway.cpp">
      <Filter>Source Files</Filter>
    </ClCompile>
    <ClCompile Include="src\CSingleGame.cpp">
      <Filter>Source Files</Filter>
    </ClCompile>
    <ClCompile Include="src\CSmallTile.cpp">
      <Filter>Source Files</Filter>
    </ClCompile>
    <ClCompile Include="src\CStorage.cpp">
      <Filter>Source Files</Filter>
    </ClCompile>
    <ClCompile Include="src\CTile.cpp">
      <Filter>Source Files</Filter>
    </ClCompile>
  </ItemGroup>
  <ItemGroup>
    <ClInclude Include="src\CApplication.h">
      <Filter>Header Files</Filter>
    </ClInclude>
    <ClInclude Include="src\CBuilding.h">
      <Filter>Header Files</Filter>
    </ClInclude>
    <ClInclude Include="src\CBuildMenu.h">
      <Filter>Header Files</Filter>
    </ClInclude>
    <ClInclude Include="src\CBuildPhaseMenu.h">
      <Filter>Header Files</Filter>
    </ClInclude>
    <ClInclude Include="src\CCoopGame.h">
      <Filter>Header Files</Filter>
    </ClInclude>
    <ClInclude Include="src\CDefenseBuilding.h">
      <Filter>Header Files</Filter>
    </ClInclude>
    <ClInclude Include="src\CDefensePhase.h">
      <Filter>Header Files</Filter>
    </ClInclude>
    <ClInclude Include="src\CEconomyBuilding.h">
      <Filter>Header Files</Filter>
    </ClInclude>
    <ClInclude Include="src\CEnemyCamp.h">
      <Filter>Header Files</Filter>
    </ClInclude>
    <ClInclude Include="src\CGAME.h">
      <Filter>Header Files</Filter>
    </ClInclude>
    <ClInclude Include="src\CGameptr.h">
      <Filter>Header Files</Filter>
    </ClInclude>
    <ClInclude Include="src\CInterface.h">
      <Filter>Header Files</Filter>
    </ClInclude>
    <ClInclude Include="src\CMainMenu.h">
      <Filter>Header Files</Filter>
    </ClInclude>
    <ClInclude Include="src\CMap.h">
      <Filter>Header Files</Filter>
    </ClInclude>
    <ClInclude Include="src\CPlayer.h">
      <Filter>Header Files</Filter>
    </ClInclude>
    <ClInclude Include="src\CPosition.h">
      <Filter>Header Files</Filter>
    </ClInclude>
    <ClInclude Include="src\CResource.h">
      <Filter>Header Files</Filter>
    </ClInclude>
    <ClInclude Include="src\CResourceBuilding.h">
      <Filter>Header Files</Filter>
    </ClInclude>
    <ClInclude Include="src\CScout.h">
      <Filter>Header Files</Filter>
    </ClInclude>
    <ClInclude Include="src\CScoutAway.h">
      <Filter>Header Files</Filter>
    </ClInclude>
    <ClInclude Include="src\CSingleGame.h">
      <Filter>Header Files</Filter>
    </ClInclude>
    <ClInclude Include="src\CSmallTile.h">
      <Filter>Header Files</Filter>
    </ClInclude>
    <ClInclude Include="src\CStorage.h">
      <Filter>Header Files</Filter>
    </ClInclude>
    <ClInclude Include="src\CTile.h">
      <Filter>Header Files</Filter>
    </ClInclude>
    <ClInclude Include="src\CTokenPutter.h">
      <Filter>Header Files</Filter>
    </ClInclude>
    <ClInclude Include="src\CTokenReader.h">
      <Filter>Header Files</Filter>
    </ClInclude>
    <ClInclude Include="src\CUnit.h">
      <Filter>Header Files</Filter>
    </ClInclude>
    <ClInclude Include="src\functions.h">
      <Filter>Header Files</Filter>
    </ClInclude>
    <ClInclude Include="src\CAlly.h">
      <Filter>Header Files</Filter>
    </ClInclude>
  </ItemGroup>
</Project>